
Microsoft Visual Studio Solution File, Format Version 12.00
# Visual Studio 2012
Project("{FAE04EC0-301F-11D3-BF4B-00C04F79EFBC}") = "SmoothBoards", "SmoothBoards\SmoothBoards.csproj", "{B1F39F94-38EC-4019-88F0-7680829562E5}"
EndProject
Global
	GlobalSection(SolutionConfigurationPlatforms) = preSolution
		Debug|iPhoneSimulator = Debug|iPhoneSimulator
		Release|iPhone = Release|iPhone
		Release|iPhoneSimulator = Release|iPhoneSimulator
		Debug|iPhone = Debug|iPhone
	EndGlobalSection
	GlobalSection(ProjectConfigurationPlatforms) = postSolution
		{B1F39F94-38EC-4019-88F0-7680829562E5}.Debug|iPhoneSimulator.ActiveCfg = Debug|iPhoneSimulator
		{B1F39F94-38EC-4019-88F0-7680829562E5}.Debug|iPhoneSimulator.Build.0 = Debug|iPhoneSimulator
		{B1F39F94-38EC-4019-88F0-7680829562E5}.Release|iPhone.ActiveCfg = Release|iPhone
		{B1F39F94-38EC-4019-88F0-7680829562E5}.Release|iPhone.Build.0 = Release|iPhone
		{B1F39F94-38EC-4019-88F0-7680829562E5}.Release|iPhoneSimulator.ActiveCfg = Release|iPhoneSimulator
		{B1F39F94-38EC-4019-88F0-7680829562E5}.Release|iPhoneSimulator.Build.0 = Release|iPhoneSimulator
		{B1F39F94-38EC-4019-88F0-7680829562E5}.Debug|iPhone.ActiveCfg = Debug|iPhone
		{B1F39F94-38EC-4019-88F0-7680829562E5}.Debug|iPhone.Build.0 = Debug|iPhone
	EndGlobalSection
EndGlobal
